
Microsoft Visual Studio Solution File, Format Version 12.00
# Visual Studio Version 16
VisualStudioVersion = 16.0.30611.23
MinimumVisualStudioVersion = 10.0.40219.1
Project("{2150E333-8FDC-42A3-9474-1A3956D46DE8}") = "DataStructure", "DataStructure", "{FDC134C3-31F5-496B-8A7D-92D0FC67FC84}"
EndProject
Project("{2150E333-8FDC-42A3-9474-1A3956D46DE8}") = "Vector", "Vector", "{79F7E302-9148-42A6-BF54-83A6C4E75252}"
EndProject
Project("{8BC9CEB8-8B4A-11D0-8D11-00A0C91BC942}") = "Vector(1)", "STL\Vector\Vector(1)\Vector(1).vcxproj", "{3856471F-B0AF-4DA0-8F28-43960DC759D2}"
EndProject
Project("{8BC9CEB8-8B4A-11D0-8D11-00A0C91BC942}") = "Vector(2)", "STL\Vector\Vector(2)\Vector(2).vcxproj", "{1E31A681-832D-4DF7-B289-5EBDD486FCCE}"
EndProject
Project("{2150E333-8FDC-42A3-9474-1A3956D46DE8}") = "List", "List", "{05CCD830-BC45-4EF7-A3BD-31F81A75E6B4}"
EndProject
Project("{8BC9CEB8-8B4A-11D0-8D11-00A0C91BC942}") = "List(1)", "STL\List\List(1)\List(1).vcxproj", "{D3918EBE-9432-45CD-9767-2B07C7351C53}"
EndProject
Project("{8BC9CEB8-8B4A-11D0-8D11-00A0C91BC942}") = "List Example(1)", "STL\List\List Example(1)\List Example(1).vcxproj", "{689A2DD5-3CE3-4003-90B3-1705B5ECC88B}"
EndProject
Project("{2150E333-8FDC-42A3-9474-1A3956D46DE8}") = "Queue", "Queue", "{3D23A173-C8B0-4557-88EF-752FF5A834A8}"
EndProject
Project("{8BC9CEB8-8B4A-11D0-8D11-00A0C91BC942}") = "Queue(1)", "STL\Queue\Queue(1)\Queue(1).vcxproj", "{FCA8F983-0C1A-4B68-A45D-3EF28D8EF29E}"
EndProject
Project("{8BC9CEB8-8B4A-11D0-8D11-00A0C91BC942}") = "Queue(2)", "STL\Queue\Queue(2)\Queue(2).vcxproj", "{7A79331D-C052-4C07-A1A3-8AB2938558A9}"
EndProject
Project("{2150E333-8FDC-42A3-9474-1A3956D46DE8}") = "Stack", "Stack", "{BF6B8DAA-93D5-4E21-8356-16F676369CDA}"
EndProject
Project("{8BC9CEB8-8B4A-11D0-8D11-00A0C91BC942}") = "Stack(1)", "STL\Stack\Stack(1)\Stack(1).vcxproj", "{149BFC2B-D9AD-41AF-AF5D-817EBFB0B045}"
EndProject
Project("{8BC9CEB8-8B4A-11D0-8D11-00A0C91BC942}") = "Stack(2)", "STL\Stack\Stack(2)\Stack(2).vcxproj", "{B8933BDF-2CC5-4C64-93B1-815BC8F393A5}"
EndProject
Global
	GlobalSection(SolutionConfigurationPlatforms) = preSolution
		Debug|x64 = Debug|x64
		Debug|x86 = Debug|x86
		Release|x64 = Release|x64
		Release|x86 = Release|x86
	EndGlobalSection
	GlobalSection(ProjectConfigurationPlatforms) = postSolution
		{3856471F-B0AF-4DA0-8F28-43960DC759D2}.Debug|x64.ActiveCfg = Debug|x64
		{3856471F-B0AF-4DA0-8F28-43960DC759D2}.Debug|x64.Build.0 = Debug|x64
		{3856471F-B0AF-4DA0-8F28-43960DC759D2}.Debug|x86.ActiveCfg = Debug|Win32
		{3856471F-B0AF-4DA0-8F28-43960DC759D2}.Debug|x86.Build.0 = Debug|Win32
		{3856471F-B0AF-4DA0-8F28-43960DC759D2}.Release|x64.ActiveCfg = Release|x64
		{3856471F-B0AF-4DA0-8F28-43960DC759D2}.Release|x64.Build.0 = Release|x64
		{3856471F-B0AF-4DA0-8F28-43960DC759D2}.Release|x86.ActiveCfg = Release|Win32
		{3856471F-B0AF-4DA0-8F28-43960DC759D2}.Release|x86.Build.0 = Release|Win32
		{1E31A681-832D-4DF7-B289-5EBDD486FCCE}.Debug|x64.ActiveCfg = Debug|x64
		{1E31A681-832D-4DF7-B289-5EBDD486FCCE}.Debug|x64.Build.0 = Debug|x64
		{1E31A681-832D-4DF7-B289-5EBDD486FCCE}.Debug|x86.ActiveCfg = Debug|Win32
		{1E31A681-832D-4DF7-B289-5EBDD486FCCE}.Debug|x86.Build.0 = Debug|Win32
		{1E31A681-832D-4DF7-B289-5EBDD486FCCE}.Release|x64.ActiveCfg = Release|x64
		{1E31A681-832D-4DF7-B289-5EBDD486FCCE}.Release|x64.Build.0 = Release|x64
		{1E31A681-832D-4DF7-B289-5EBDD486FCCE}.Release|x86.ActiveCfg = Release|Win32
		{1E31A681-832D-4DF7-B289-5EBDD486FCCE}.Release|x86.Build.0 = Release|Win32
		{D3918EBE-9432-45CD-9767-2B07C7351C53}.Debug|x64.ActiveCfg = Debug|x64
		{D3918EBE-9432-45CD-9767-2B07C7351C53}.Debug|x64.Build.0 = Debug|x64
		{D3918EBE-9432-45CD-9767-2B07C7351C53}.Debug|x86.ActiveCfg = Debug|Win32
		{D3918EBE-9432-45CD-9767-2B07C7351C53}.Debug|x86.Build.0 = Debug|Win32
		{D3918EBE-9432-45CD-9767-2B07C7351C53}.Release|x64.ActiveCfg = Release|x64
		{D3918EBE-9432-45CD-9767-2B07C7351C53}.Release|x64.Build.0 = Release|x64
		{D3918EBE-9432-45CD-9767-2B07C7351C53}.Release|x86.ActiveCfg = Release|Win32
		{D3918EBE-9432-45CD-9767-2B07C7351C53}.Release|x86.Build.0 = Release|Win32
		{689A2DD5-3CE3-4003-90B3-1705B5ECC88B}.Debug|x64.ActiveCfg = Debug|x64
		{689A2DD5-3CE3-4003-90B3-1705B5ECC88B}.Debug|x64.Build.0 = Debug|x64
		{689A2DD5-3CE3-4003-90B3-1705B5ECC88B}.Debug|x86.ActiveCfg = Debug|Win32
		{689A2DD5-3CE3-4003-90B3-1705B5ECC88B}.Debug|x86.Build.0 = Debug|Win32
		{689A2DD5-3CE3-4003-90B3-1705B5ECC88B}.Release|x64.ActiveCfg = Release|x64
		{689A2DD5-3CE3-4003-90B3-1705B5ECC88B}.Release|x64.Build.0 = Release|x64
		{689A2DD5-3CE3-4003-90B3-1705B5ECC88B}.Release|x86.ActiveCfg = Release|Win32
		{689A2DD5-3CE3-4003-90B3-1705B5ECC88B}.Release|x86.Build.0 = Release|Win32
		{FCA8F983-0C1A-4B68-A45D-3EF28D8EF29E}.Debug|x64.ActiveCfg = Debug|x64
		{FCA8F983-0C1A-4B68-A45D-3EF28D8EF29E}.Debug|x64.Build.0 = Debug|x64
		{FCA8F983-0C1A-4B68-A45D-3EF28D8EF29E}.Debug|x86.ActiveCfg = Debug|Win32
		{FCA8F983-0C1A-4B68-A45D-3EF28D8EF29E}.Debug|x86.Build.0 = Debug|Win32
		{FCA8F983-0C1A-4B68-A45D-3EF28D8EF29E}.Release|x64.ActiveCfg = Release|x64
		{FCA8F983-0C1A-4B68-A45D-3EF28D8EF29E}.Release|x64.Build.0 = Release|x64
		{FCA8F983-0C1A-4B68-A45D-3EF28D8EF29E}.Release|x86.ActiveCfg = Release|Win32
		{FCA8F983-0C1A-4B68-A45D-3EF28D8EF29E}.Release|x86.Build.0 = Release|Win32
		{7A79331D-C052-4C07-A1A3-8AB2938558A9}.Debug|x64.ActiveCfg = Debug|x64
		{7A79331D-C052-4C07-A1A3-8AB2938558A9}.Debug|x64.Build.0 = Debug|x64
		{7A79331D-C052-4C07-A1A3-8AB2938558A9}.Debug|x86.ActiveCfg = Debug|Win32
		{7A79331D-C052-4C07-A1A3-8AB2938558A9}.Debug|x86.Build.0 = Debug|Win32
		{7A79331D-C052-4C07-A1A3-8AB2938558A9}.Release|x64.ActiveCfg = Release|x64
		{7A79331D-C052-4C07-A1A3-8AB2938558A9}.Release|x64.Build.0 = Release|x64
		{7A79331D-C052-4C07-A1A3-8AB2938558A9}.Release|x86.ActiveCfg = Release|Win32
		{7A79331D-C052-4C07-A1A3-8AB2938558A9}.Release|x86.Build.0 = Release|Win32
		{149BFC2B-D9AD-41AF-AF5D-817EBFB0B045}.Debug|x64.ActiveCfg = Debug|x64
		{149BFC2B-D9AD-41AF-AF5D-817EBFB0B045}.Debug|x64.Build.0 = Debug|x64
		{149BFC2B-D9AD-41AF-AF5D-817EBFB0B045}.Debug|x86.ActiveCfg = Debug|Win32
		{149BFC2B-D9AD-41AF-AF5D-817EBFB0B045}.Debug|x86.Build.0 = Debug|Win32
		{149BFC2B-D9AD-41AF-AF5D-817EBFB0B045}.Release|x64.ActiveCfg = Release|x64
		{149BFC2B-D9AD-41AF-AF5D-817EBFB0B045}.Release|x64.Build.0 = Release|x64
		{149BFC2B-D9AD-41AF-AF5D-817EBFB0B045}.Release|x86.ActiveCfg = Release|Win32
		{149BFC2B-D9AD-41AF-AF5D-817EBFB0B045}.Release|x86.Build.0 = Release|Win32
		{B8933BDF-2CC5-4C64-93B1-815BC8F393A5}.Debug|x64.ActiveCfg = Debug|x64
		{B8933BDF-2CC5-4C64-93B1-815BC8F393A5}.Debug|x64.Build.0 = Debug|x64
		{B8933BDF-2CC5-4C64-93B1-815BC8F393A5}.Debug|x86.ActiveCfg = Debug|Win32
		{B8933BDF-2CC5-4C64-93B1-815BC8F393A5}.Debug|x86.Build.0 = Debug|Win32
		{B8933BDF-2CC5-4C64-93B1-815BC8F393A5}.Release|x64.ActiveCfg = Release|x64
		{B8933BDF-2CC5-4C64-93B1-815BC8F393A5}.Release|x64.Build.0 = Release|x64
		{B8933BDF-2CC5-4C64-93B1-815BC8F393A5}.Release|x86.ActiveCfg = Release|Win32
		{B8933BDF-2CC5-4C64-93B1-815BC8F393A5}.Release|x86.Build.0 = Release|Win32
	EndGlobalSection
	GlobalSection(SolutionProperties) = preSolution
		HideSolutionNode = FALSE
	EndGlobalSection
	GlobalSection(NestedProjects) = preSolution
		{79F7E302-9148-42A6-BF54-83A6C4E75252} = {FDC134C3-31F5-496B-8A7D-92D0FC67FC84}
		{3856471F-B0AF-4DA0-8F28-43960DC759D2} = {79F7E302-9148-42A6-BF54-83A6C4E75252}
		{1E31A681-832D-4DF7-B289-5EBDD486FCCE} = {79F7E302-9148-42A6-BF54-83A6C4E75252}
		{05CCD830-BC45-4EF7-A3BD-31F81A75E6B4} = {FDC134C3-31F5-496B-8A7D-92D0FC67FC84}
		{D3918EBE-9432-45CD-9767-2B07C7351C53} = {05CCD830-BC45-4EF7-A3BD-31F81A75E6B4}
		{689A2DD5-3CE3-4003-90B3-1705B5ECC88B} = {05CCD830-BC45-4EF7-A3BD-31F81A75E6B4}
		{3D23A173-C8B0-4557-88EF-752FF5A834A8} = {FDC134C3-31F5-496B-8A7D-92D0FC67FC84}
		{FCA8F983-0C1A-4B68-A45D-3EF28D8EF29E} = {3D23A173-C8B0-4557-88EF-752FF5A834A8}
		{7A79331D-C052-4C07-A1A3-8AB2938558A9} = {3D23A173-C8B0-4557-88EF-752FF5A834A8}
		{BF6B8DAA-93D5-4E21-8356-16F676369CDA} = {FDC134C3-31F5-496B-8A7D-92D0FC67FC84}
		{149BFC2B-D9AD-41AF-AF5D-817EBFB0B045} = {BF6B8DAA-93D5-4E21-8356-16F676369CDA}
		{B8933BDF-2CC5-4C64-93B1-815BC8F393A5} = {BF6B8DAA-93D5-4E21-8356-16F676369CDA}
	EndGlobalSection
	GlobalSection(ExtensibilityGlobals) = postSolution
		SolutionGuid = {D1DFFD59-AB84-4283-9B53-9EE0EAE55471}
	EndGlobalSection
EndGlobal
